{
  "lockfileVersion": 1,
  "configVersion": 1,
  "workspaces": {
    "": {
      "name": "novacheck",
      "dependencies": {
        "@secretlint/core": "^13.0.2",
        "@secretlint/secretlint-rule-preset-recommend": "^13.0.2",
        "@secretlint/source-creator": "^13.0.2",
        "@secretlint/types": "^13.0.2",
        "tree-sitter-javascript": "^0.25.0",
        "tree-sitter-python": "^0.25.0",
        "tree-sitter-typescript": "^0.23.2",
        "web-tree-sitter": "^0.26.11",
        "yaml": "^2.9.0",
      },
      "devDependencies": {
        "@types/bun": "latest",
        "typescript": "^5.8.0",
      },
    },
  },
  "packages": {
    "@secretlint/core": ["@secretlint/core@13.0.2", "", { "dependencies": { "@secretlint/profiler": "13.0.2", "@secretlint/types": "13.0.2", "debug": "^4.4.3", "structured-source": "^4.0.0" } }, "sha512-15vg+zCmjQuDFVoOPNt0TyEu0Z95eir2MO19++wG82yM/vbPtFu/m9qd6oh54ZOBXgMcchdGDTxMwJNDnCLxcA=="],

    "@secretlint/profiler": ["@secretlint/profiler@13.0.2", "", {}, "sha512-vGaLZCoi9KewOF+sM0iIEBviWaH9mls1HmQFBgEPq4fnvmVO4PfKIkVr4CcAFm3Msg4NjzFE2RBAGwRR+5HEmQ=="],

    "@secretlint/secretlint-rule-preset-recommend": ["@secretlint/secretlint-rule-preset-recommend@13.0.2", "", {}, "sha512-D03Kw51qOgffj9zNlJFZUarVmP8zGcCZNi7A14+vZtHskbbBPEsS/f09idb48rrlMSaRMBN29IkqfbmPyL9xtw=="],

    "@secretlint/source-creator": ["@secretlint/source-creator@13.0.2", "", { "dependencies": { "@secretlint/types": "13.0.2", "istextorbinary": "^9.5.0" } }, "sha512-tSooHad8QL+lqHP88zH9F8GMoR7bHUqPja5M/QnNHGnvOq/8OT1V8t1uigm6jlD03oJWNLwwF8QeHIedWKJ13g=="],

    "@secretlint/types": ["@secretlint/types@13.0.2", "", {}, "sha512-cAZjr6ZTKgSuJMLyTGDrUEtK3XEZa+JStIkD+DmdkT32VGAN+dQJiYr1So3XJopsKSrqhP5kjZKT8WWtftZIpQ=="],

    "@types/bun": ["@types/bun@1.3.14", "", { "dependencies": { "bun-types": "1.3.14" } }, "sha512-h1hFqFVcvAvD9j9K7ZW7vd82aSA+rTdznZa+5bwvCwqSB1jmmfLcbIWhOLx1/+boy/xmjgCs/OMUL8hRJSmnPw=="],

    "@types/node": ["@types/node@26.1.1", "", { "dependencies": { "undici-types": "~8.3.0" } }, "sha512-nxAkRSVkN1Y0JC1W8ky/fTfkGsMmcrRsbx+3XoZE+rMOX71kLYTV7fLXpqud1GpbpP5TuffXFqfX7fH2GgZREw=="],

    "binaryextensions": ["binaryextensions@6.11.0", "", { "dependencies": { "editions": "^6.21.0" } }, "sha512-sXnYK/Ij80TO3lcqZVV2YgfKN5QjUWIRk/XSm2J/4bd/lPko3lvk0O4ZppH6m+6hB2/GTu+ptNwVFe1xh+QLQw=="],

    "boundary": ["boundary@2.0.0", "", {}, "sha512-rJKn5ooC9u8q13IMCrW0RSp31pxBCHE3y9V/tp3TdWSLf8Em3p6Di4NBpfzbJge9YjjFEsD0RtFEjtvHL5VyEA=="],

    "bun-types": ["bun-types@1.3.14", "", { "dependencies": { "@types/node": "*" } }, "sha512-4N0ig0fEomHt5R0KCFWjovxow98rIoRwKolrYdCcknNwMekCXRnWEUvgu5soYV8QXtVsrUD8B95MBOZGPvr6KQ=="],

    "debug": ["debug@4.4.3", "", { "dependencies": { "ms": "^2.1.3" }, "peerDependencies": { "supports-color": "*" }, "optionalPeers": ["supports-color"] }, "sha512-RGwwWnwQvkVfavKVt22FGLw+xYSdzARwm0ru6DhTVA3umU5hZc28V3kO4stgYryrTlLpuvgI9GiijltAjNbcqA=="],

    "editions": ["editions@6.22.0", "", { "dependencies": { "version-range": "^4.15.0" } }, "sha512-UgGlf8IW75je7HZjNDpJdCv4cGJWIi6yumFdZ0R7A8/CIhQiWUjyGLCxdHpd8bmyD1gnkfUNK0oeOXqUS2cpfQ=="],

    "istextorbinary": ["istextorbinary@9.5.0", "", { "dependencies": { "binaryextensions": "^6.11.0", "editions": "^6.21.0", "textextensions": "^6.11.0" } }, "sha512-5mbUj3SiZXCuRf9fT3ibzbSSEWiy63gFfksmGfdOzujPjW3k+z8WvIBxcJHBoQNlaZaiyB25deviif2+osLmLw=="],

    "ms": ["ms@2.1.3", "", {}, "sha512-6FlzubTLZG3J2a/NVCAleEhjzq5oxgHyaCU9yYXvcLsvoVaHJq/s5xXI6/XXP6tz7R9xAOtHnSO/tXtF3WRTlA=="],

    "node-addon-api": ["node-addon-api@8.9.0", "", {}, "sha512-ekZMeaaIzSQTSpr7X2X3iJM7lTzgnx8ahAG9pJfT/7+14mlEM8ZYQ9cgCDvSSRbReFK0oHli3WrZdCiRsgAT9Q=="],

    "node-gyp-build": ["node-gyp-build@4.8.4", "", { "bin": { "node-gyp-build": "bin.js", "node-gyp-build-optional": "optional.js", "node-gyp-build-test": "build-test.js" } }, "sha512-LA4ZjwlnUblHVgq0oBF3Jl/6h/Nvs5fzBLwdEF4nuxnFdsfajde4WfxtJr3CaiH+F6ewcIB/q4jQ4UzPyid+CQ=="],

    "structured-source": ["structured-source@4.0.0", "", { "dependencies": { "boundary": "^2.0.0" } }, "sha512-qGzRFNJDjFieQkl/sVOI2dUjHKRyL9dAJi2gCPGJLbJHBIkyOHxjuocpIEfbLioX+qSJpvbYdT49/YCdMznKxA=="],

    "textextensions": ["textextensions@6.11.0", "", { "dependencies": { "editions": "^6.21.0" } }, "sha512-tXJwSr9355kFJI3lbCkPpUH5cP8/M0GGy2xLO34aZCjMXBaK3SoPnZwr/oWmo1FdCnELcs4npdCIOFtq9W3ruQ=="],

    "tree-sitter-javascript": ["tree-sitter-javascript@0.25.0", "", { "dependencies": { "node-addon-api": "^8.3.1", "node-gyp-build": "^4.8.4" }, "peerDependencies": { "tree-sitter": "^0.25.0" }, "optionalPeers": ["tree-sitter"] }, "sha512-1fCbmzAskZkxcZzN41sFZ2br2iqTYP3tKls1b/HKGNPQUVOpsUxpmGxdN/wMqAk3jYZnYBR1dd/y/0avMeU7dw=="],

    "tree-sitter-python": ["tree-sitter-python@0.25.0", "", { "dependencies": { "node-addon-api": "^8.5.0", "node-gyp-build": "^4.8.4" }, "peerDependencies": { "tree-sitter": "^0.25.0" }, "optionalPeers": ["tree-sitter"] }, "sha512-eCmJx6zQa35GxaCtQD+wXHOhYqBxEL+bp71W/s3fcDMu06MrtzkVXR437dRrCrbrDbyLuUDJpAgycs7ncngLXw=="],

    "tree-sitter-typescript": ["tree-sitter-typescript@0.23.2", "", { "dependencies": { "node-addon-api": "^8.2.2", "node-gyp-build": "^4.8.2", "tree-sitter-javascript": "^0.23.1" }, "peerDependencies": { "tree-sitter": "^0.21.0" }, "optionalPeers": ["tree-sitter"] }, "sha512-e04JUUKxTT53/x3Uq1zIL45DoYKVfHH4CZqwgZhPg5qYROl5nQjV+85ruFzFGZxu+QeFVbRTPDRnqL9UbU4VeA=="],

    "typescript": ["typescript@5.9.3", "", { "bin": { "tsc": "bin/tsc", "tsserver": "bin/tsserver" } }, "sha512-jl1vZzPDinLr9eUt3J/t7V6FgNEw9QjvBPdysz9KfQDD41fQrC2Y4vKQdiaUpFT4bXlb1RHhLpp8wtm6M5TgSw=="],

    "undici-types": ["undici-types@8.3.0", "", {}, "sha512-j375ScV60dom+YkPFIfTLcOiPxkN/buHz5GobjLhixFuANaNs3C9l4GmrWqejgXWJ7BbJcFYpTEUkS1Ge8bpZQ=="],

    "version-range": ["version-range@4.15.0", "", {}, "sha512-Ck0EJbAGxHwprkzFO966t4/5QkRuzh+/I1RxhLgUKKwEn+Cd8NwM60mE3AqBZg5gYODoXW0EFsQvbZjRlvdqbg=="],

    "web-tree-sitter": ["web-tree-sitter@0.26.11", "", {}, "sha512-Q5Dm3YTIXSXuH6FxX6RuzX2Qwpc4DPGiYMU87Wg5Z8OIStiQFiUex4zMDc0vBTw78EphaYJacncJghCHzbZptg=="],

    "yaml": ["yaml@2.9.0", "", { "bin": { "yaml": "bin.mjs" } }, "sha512-2AvhNX3mb8zd6Zy7INTtSpl1F15HW6Wnqj0srWlkKLcpYl/gMIMJiyuGq2KeI2YFxUPjdlB+3Lc10seMLtL4cA=="],

    "tree-sitter-typescript/tree-sitter-javascript": ["tree-sitter-javascript@0.23.1", "", { "dependencies": { "node-addon-api": "^8.2.2", "node-gyp-build": "^4.8.2" }, "peerDependencies": { "tree-sitter": "^0.21.1" }, "optionalPeers": ["tree-sitter"] }, "sha512-/bnhbrTD9frUYHQTiYnPcxyHORIw157ERBa6dqzaKxvR/x3PC4Yzd+D1pZIMS6zNg2v3a8BZ0oK7jHqsQo9fWA=="],
  }
}
